
Microsoft Visual Studio Solution File, Format Version 12.00
# Visual Studio Version 16
Project("{9A19103F-16F7-4668-BE54-9A1E7A4F7556}") = "CalendarExplorer", "CalendarExplorer.csproj", "{4BCD4A3C-A79F-4F13-98D6-9F5E19AD4522}"
EndProject
Global
	GlobalSection(SolutionConfigurationPlatforms) = preSolution
		Debug|Any CPU = Debug|Any CPU
		Release|Any CPU = Release|Any CPU
	EndGlobalSection
	GlobalSection(ProjectConfigurationPlatforms) = postSolution
		{4BCD4A3C-A79F-4F13-98D6-9F5E19AD4522}.Debug|Any CPU.ActiveCfg = Debug|Any CPU
		{4BCD4A3C-A79F-4F13-98D6-9F5E19AD4522}.Debug|Any CPU.Build.0 = Debug|Any CPU
		{4BCD4A3C-A79F-4F13-98D6-9F5E19AD4522}.Debug|Any CPU.Deploy.0 = Debug|Any CPU
		{4BCD4A3C-A79F-4F13-98D6-9F5E19AD4522}.Release|Any CPU.ActiveCfg = Release|Any CPU
		{4BCD4A3C-A79F-4F13-98D6-9F5E19AD4522}.Release|Any CPU.Build.0 = Release|Any CPU
		{4BCD4A3C-A79F-4F13-98D6-9F5E19AD4522}.Release|Any CPU.Deploy.0 = Release|Any CPU
	EndGlobalSection
	GlobalSection(SolutionProperties) = preSolution
		HideSolutionNode = FALSE
	EndGlobalSection
	GlobalSection(ExtensibilityGlobals) = postSolution
		SolutionGuid = {465D26C6-5B1A-462D-BC10-760F16ECFD33}
	EndGlobalSection
EndGlobal
